
Microsoft Visual Studio Solution File, Format Version 12.00
# Visual Studio Version 17
VisualStudioVersion = 17.3.32811.315
MinimumVisualStudioVersion = 10.0.40219.1
Project("{2150E333-8FDC-42A3-9474-1A3956D46DE8}") = "src", "src", "{7998C931-EED7-45A1-AB64-D73B3FFF6F17}"
EndProject
Project("{2150E333-8FDC-42A3-9474-1A3956D46DE8}") = "Building blocks", "Building blocks", "{06ACA6C4-ACBE-4256-A588-0155175970E3}"
EndProject
Project("{2150E333-8FDC-42A3-9474-1A3956D46DE8}") = "Services", "Services", "{45D9856C-D626-42AA-BD18-B1E11EBD9F3B}"
EndProject
Project("{2150E333-8FDC-42A3-9474-1A3956D46DE8}") = "Web", "Web", "{1595489B-CB5E-4C57-8606-C0515D77B584}"
EndProject
Project("{2150E333-8FDC-42A3-9474-1A3956D46DE8}") = "Identidade", "Identidade", "{F90A5552-C7E6-456F-BB61-F88BFD2DFC32}"
EndProject
Project("{9A19103F-16F7-4668-BE54-9A1E7A4F7556}") = "NSE.Identidade.API", "src\Services\NSE.Identidade.API\NSE.Identidade.API.csproj", "{BA623662-A0CE-49F0-851E-2A6BC017192A}"
EndProject
Project("{2150E333-8FDC-42A3-9474-1A3956D46DE8}") = "MVC", "MVC", "{50F096D8-978E-4775-A7E1-6AD1E9A1D397}"
EndProject
Project("{9A19103F-16F7-4668-BE54-9A1E7A4F7556}") = "NSE.WebApp.MVC", "src\Web\NSE.WebApp.MVC\NSE.WebApp.MVC.csproj", "{86DE6900-AF93-4FB6-95B9-C1319D582C26}"
EndProject
Project("{2150E333-8FDC-42A3-9474-1A3956D46DE8}") = "Core", "Core", "{B8B151C8-49CF-4735-9BD6-71E78D2E7736}"
EndProject
Project("{9A19103F-16F7-4668-BE54-9A1E7A4F7556}") = "NSE.Core", "src\Building Blocks\NSE.Core\NSE.Core.csproj", "{D37E70B9-F0E5-4E35-80EC-17BA128033F5}"
EndProject
Project("{2150E333-8FDC-42A3-9474-1A3956D46DE8}") = "Carrinho", "Carrinho", "{1A0124E4-2ABD-4203-8C95-62AD6819453C}"
EndProject
Project("{9A19103F-16F7-4668-BE54-9A1E7A4F7556}") = "NSR.Carrinho.API", "src\Services\NSR.Carrinho.API\NSR.Carrinho.API.csproj", "{FF0AC0D7-716E-4EFB-A6E3-F7DF6BD3420E}"
EndProject
Project("{2150E333-8FDC-42A3-9474-1A3956D46DE8}") = "Catalogo", "Catalogo", "{7826DD7D-C52B-4076-A895-A5B21C98C3AE}"
EndProject
Project("{9A19103F-16F7-4668-BE54-9A1E7A4F7556}") = "NSE.Catalogo.API", "src\Services\NSE.Catalogo.API\NSE.Catalogo.API.csproj", "{BC0F0F87-FA8A-46E0-9B66-FD1DF6883133}"
EndProject
Project("{2150E333-8FDC-42A3-9474-1A3956D46DE8}") = "Cliente", "Cliente", "{3EF42C30-0D69-4C5E-9A49-7E0F2822717D}"
EndProject
Project("{9A19103F-16F7-4668-BE54-9A1E7A4F7556}") = "NSE.Cliente.API", "src\Services\NSE.Cliente.API\NSE.Cliente.API.csproj", "{8D258F54-F02B-4C5D-8E33-FCB983BFC2FF}"
EndProject
Project("{2150E333-8FDC-42A3-9474-1A3956D46DE8}") = "Pagamento", "Pagamento", "{1566C358-869D-43C3-9D71-D4946C202967}"
EndProject
Project("{9A19103F-16F7-4668-BE54-9A1E7A4F7556}") = "NSE.Pagamento.API", "src\Services\NSE.Pagamento.API\NSE.Pagamento.API.csproj", "{DE9D9F11-4B9E-4A4A-9B8D-58FFC5BEC05F}"
EndProject
Project("{2150E333-8FDC-42A3-9474-1A3956D46DE8}") = "Pedido", "Pedido", "{32A37ACB-64F4-4C84-9AEB-C8B228B68512}"
EndProject
Project("{9A19103F-16F7-4668-BE54-9A1E7A4F7556}") = "NSE.Pedido.API", "src\Services\NSE.Pedido.API\NSE.Pedido.API.csproj", "{EA312C1C-E666-4409-9D3D-127DF6B4FAE4}"
EndProject
Global
	GlobalSection(SolutionConfigurationPlatforms) = preSolution
		Debug|Any CPU = Debug|Any CPU
		Release|Any CPU = Release|Any CPU
	EndGlobalSection
	GlobalSection(ProjectConfigurationPlatforms) = postSolution
		{BA623662-A0CE-49F0-851E-2A6BC017192A}.Debug|Any CPU.ActiveCfg = Debug|Any CPU
		{BA623662-A0CE-49F0-851E-2A6BC017192A}.Debug|Any CPU.Build.0 = Debug|Any CPU
		{BA623662-A0CE-49F0-851E-2A6BC017192A}.Release|Any CPU.ActiveCfg = Release|Any CPU
		{BA623662-A0CE-49F0-851E-2A6BC017192A}.Release|Any CPU.Build.0 = Release|Any CPU
		{86DE6900-AF93-4FB6-95B9-C1319D582C26}.Debug|Any CPU.ActiveCfg = Debug|Any CPU
		{86DE6900-AF93-4FB6-95B9-C1319D582C26}.Debug|Any CPU.Build.0 = Debug|Any CPU
		{86DE6900-AF93-4FB6-95B9-C1319D582C26}.Release|Any CPU.ActiveCfg = Release|Any CPU
		{86DE6900-AF93-4FB6-95B9-C1319D582C26}.Release|Any CPU.Build.0 = Release|Any CPU
		{D37E70B9-F0E5-4E35-80EC-17BA128033F5}.Debug|Any CPU.ActiveCfg = Debug|Any CPU
		{D37E70B9-F0E5-4E35-80EC-17BA128033F5}.Debug|Any CPU.Build.0 = Debug|Any CPU
		{D37E70B9-F0E5-4E35-80EC-17BA128033F5}.Release|Any CPU.ActiveCfg = Release|Any CPU
		{D37E70B9-F0E5-4E35-80EC-17BA128033F5}.Release|Any CPU.Build.0 = Release|Any CPU
		{FF0AC0D7-716E-4EFB-A6E3-F7DF6BD3420E}.Debug|Any CPU.ActiveCfg = Debug|Any CPU
		{FF0AC0D7-716E-4EFB-A6E3-F7DF6BD3420E}.Debug|Any CPU.Build.0 = Debug|Any CPU
		{FF0AC0D7-716E-4EFB-A6E3-F7DF6BD3420E}.Release|Any CPU.ActiveCfg = Release|Any CPU
		{FF0AC0D7-716E-4EFB-A6E3-F7DF6BD3420E}.Release|Any CPU.Build.0 = Release|Any CPU
		{BC0F0F87-FA8A-46E0-9B66-FD1DF6883133}.Debug|Any CPU.ActiveCfg = Debug|Any CPU
		{BC0F0F87-FA8A-46E0-9B66-FD1DF6883133}.Debug|Any CPU.Build.0 = Debug|Any CPU
		{BC0F0F87-FA8A-46E0-9B66-FD1DF6883133}.Release|Any CPU.ActiveCfg = Release|Any CPU
		{BC0F0F87-FA8A-46E0-9B66-FD1DF6883133}.Release|Any CPU.Build.0 = Release|Any CPU
		{8D258F54-F02B-4C5D-8E33-FCB983BFC2FF}.Debug|Any CPU.ActiveCfg = Debug|Any CPU
		{8D258F54-F02B-4C5D-8E33-FCB983BFC2FF}.Debug|Any CPU.Build.0 = Debug|Any CPU
		{8D258F54-F02B-4C5D-8E33-FCB983BFC2FF}.Release|Any CPU.ActiveCfg = Release|Any CPU
		{8D258F54-F02B-4C5D-8E33-FCB983BFC2FF}.Release|Any CPU.Build.0 = Release|Any CPU
		{DE9D9F11-4B9E-4A4A-9B8D-58FFC5BEC05F}.Debug|Any CPU.ActiveCfg = Debug|Any CPU
		{DE9D9F11-4B9E-4A4A-9B8D-58FFC5BEC05F}.Debug|Any CPU.Build.0 = Debug|Any CPU
		{DE9D9F11-4B9E-4A4A-9B8D-58FFC5BEC05F}.Release|Any CPU.ActiveCfg = Release|Any CPU
		{DE9D9F11-4B9E-4A4A-9B8D-58FFC5BEC05F}.Release|Any CPU.Build.0 = Release|Any CPU
		{EA312C1C-E666-4409-9D3D-127DF6B4FAE4}.Debug|Any CPU.ActiveCfg = Debug|Any CPU
		{EA312C1C-E666-4409-9D3D-127DF6B4FAE4}.Debug|Any CPU.Build.0 = Debug|Any CPU
		{EA312C1C-E666-4409-9D3D-127DF6B4FAE4}.Release|Any CPU.ActiveCfg = Release|Any CPU
		{EA312C1C-E666-4409-9D3D-127DF6B4FAE4}.Release|Any CPU.Build.0 = Release|Any CPU
	EndGlobalSection
	GlobalSection(SolutionProperties) = preSolution
		HideSolutionNode = FALSE
	EndGlobalSection
	GlobalSection(NestedProjects) = preSolution
		{06ACA6C4-ACBE-4256-A588-0155175970E3} = {7998C931-EED7-45A1-AB64-D73B3FFF6F17}
		{45D9856C-D626-42AA-BD18-B1E11EBD9F3B} = {7998C931-EED7-45A1-AB64-D73B3FFF6F17}
		{1595489B-CB5E-4C57-8606-C0515D77B584} = {7998C931-EED7-45A1-AB64-D73B3FFF6F17}
		{F90A5552-C7E6-456F-BB61-F88BFD2DFC32} = {45D9856C-D626-42AA-BD18-B1E11EBD9F3B}
		{BA623662-A0CE-49F0-851E-2A6BC017192A} = {F90A5552-C7E6-456F-BB61-F88BFD2DFC32}
		{50F096D8-978E-4775-A7E1-6AD1E9A1D397} = {1595489B-CB5E-4C57-8606-C0515D77B584}
		{86DE6900-AF93-4FB6-95B9-C1319D582C26} = {50F096D8-978E-4775-A7E1-6AD1E9A1D397}
		{B8B151C8-49CF-4735-9BD6-71E78D2E7736} = {06ACA6C4-ACBE-4256-A588-0155175970E3}
		{D37E70B9-F0E5-4E35-80EC-17BA128033F5} = {B8B151C8-49CF-4735-9BD6-71E78D2E7736}
		{1A0124E4-2ABD-4203-8C95-62AD6819453C} = {45D9856C-D626-42AA-BD18-B1E11EBD9F3B}
		{FF0AC0D7-716E-4EFB-A6E3-F7DF6BD3420E} = {1A0124E4-2ABD-4203-8C95-62AD6819453C}
		{7826DD7D-C52B-4076-A895-A5B21C98C3AE} = {45D9856C-D626-42AA-BD18-B1E11EBD9F3B}
		{BC0F0F87-FA8A-46E0-9B66-FD1DF6883133} = {7826DD7D-C52B-4076-A895-A5B21C98C3AE}
		{3EF42C30-0D69-4C5E-9A49-7E0F2822717D} = {45D9856C-D626-42AA-BD18-B1E11EBD9F3B}
		{8D258F54-F02B-4C5D-8E33-FCB983BFC2FF} = {3EF42C30-0D69-4C5E-9A49-7E0F2822717D}
		{1566C358-869D-43C3-9D71-D4946C202967} = {45D9856C-D626-42AA-BD18-B1E11EBD9F3B}
		{DE9D9F11-4B9E-4A4A-9B8D-58FFC5BEC05F} = {1566C358-869D-43C3-9D71-D4946C202967}
		{32A37ACB-64F4-4C84-9AEB-C8B228B68512} = {45D9856C-D626-42AA-BD18-B1E11EBD9F3B}
		{EA312C1C-E666-4409-9D3D-127DF6B4FAE4} = {32A37ACB-64F4-4C84-9AEB-C8B228B68512}
	EndGlobalSection
	GlobalSection(ExtensibilityGlobals) = postSolution
		SolutionGuid = {EF8C550A-9458-4966-BC91-B0CC36E264C5}
	EndGlobalSection
EndGlobal
